
Microsoft Visual Studio Solution File, Format Version 12.00
# Visual Studio Version 16
VisualStudioVersion = 16.0.31005.135
MinimumVisualStudioVersion = 10.0.40219.1
Project("{FAE04EC0-301F-11D3-BF4B-00C04F79EFBC}") = "GameDb.Android", "GameDb\GameDb.Android\GameDb.Android.csproj", "{7470C94E-EFAB-4BF0-83F4-671E27D81A1C}"
EndProject
Project("{FAE04EC0-301F-11D3-BF4B-00C04F79EFBC}") = "GameDb", "GameDb\GameDb\GameDb.csproj", "{FDB99CFA-30C1-4515-AA83-F065755137CF}"
EndProject
Global
	GlobalSection(SolutionConfigurationPlatforms) = preSolution
		Debug|Any CPU = Debug|Any CPU
		Release|Any CPU = Release|Any CPU
	EndGlobalSection
	GlobalSection(ProjectConfigurationPlatforms) = postSolution
		{7470C94E-EFAB-4BF0-83F4-671E27D81A1C}.Debug|Any CPU.ActiveCfg = Debug|Any CPU
		{7470C94E-EFAB-4BF0-83F4-671E27D81A1C}.Debug|Any CPU.Build.0 = Debug|Any CPU
		{7470C94E-EFAB-4BF0-83F4-671E27D81A1C}.Debug|Any CPU.Deploy.0 = Debug|Any CPU
		{7470C94E-EFAB-4BF0-83F4-671E27D81A1C}.Release|Any CPU.ActiveCfg = Release|Any CPU
		{7470C94E-EFAB-4BF0-83F4-671E27D81A1C}.Release|Any CPU.Build.0 = Release|Any CPU
		{7470C94E-EFAB-4BF0-83F4-671E27D81A1C}.Release|Any CPU.Deploy.0 = Release|Any CPU
		{FDB99CFA-30C1-4515-AA83-F065755137CF}.Debug|Any CPU.ActiveCfg = Debug|Any CPU
		{FDB99CFA-30C1-4515-AA83-F065755137CF}.Debug|Any CPU.Build.0 = Debug|Any CPU
		{FDB99CFA-30C1-4515-AA83-F065755137CF}.Debug|Any CPU.Deploy.0 = Debug|Any CPU
		{FDB99CFA-30C1-4515-AA83-F065755137CF}.Release|Any CPU.ActiveCfg = Release|Any CPU
		{FDB99CFA-30C1-4515-AA83-F065755137CF}.Release|Any CPU.Build.0 = Release|Any CPU
		{FDB99CFA-30C1-4515-AA83-F065755137CF}.Release|Any CPU.Deploy.0 = Release|Any CPU
	EndGlobalSection
	GlobalSection(SolutionProperties) = preSolution
		HideSolutionNode = FALSE
	EndGlobalSection
	GlobalSection(ExtensibilityGlobals) = postSolution
		SolutionGuid = {FC4A1590-D22B-4E64-8C3B-608542E607FA}
	EndGlobalSection
EndGlobal
